// !$*UTF8*$!
{
	archiveVersion = 1;
	classes = {
	};
	objectVersion = 46;
	objects = {

/* Begin PBXBuildFile section */
		DB8D56311653DBD50020D979 /* LEMON_GAME.1 in CopyFiles */ = {isa = PBXBuildFile; fileRef = DB8D56301653DBD50020D979 /* LEMON_GAME.1 */; };
		DB934FF5165D194100DE52DC /* Performance_SmartVsList.cpp in Sources */ = {isa = PBXBuildFile; fileRef = DB691151165BB6E600241B05 /* Performance_SmartVsList.cpp */; };
/* End PBXBuildFile section */

/* Begin PBXCopyFilesBuildPhase section */
		DB8D56281653DBD50020D979 /* CopyFiles */ = {
			isa = PBXCopyFilesBuildPhase;
			buildActionMask = 2147483647;
			dstPath = /usr/share/man/man1/;
			dstSubfolderSpec = 0;
			files = (
				DB8D56311653DBD50020D979 /* LEMON_GAME.1 in CopyFiles */,
			);
			runOnlyForDeploymentPostprocessing = 1;
		};
/* End PBXCopyFilesBuildPhase section */

/* Begin PBXFileReference section */
		DB3AF2591656509A00222D18 /* Vererbung_SubGraph.cpp */ = {isa = PBXFileReference; fileEncoding = 4; lastKnownFileType = sourcecode.cpp.cpp; name = Vererbung_SubGraph.cpp; path = src/Vererbung_SubGraph.cpp; sourceTree = SOURCE_ROOT; };
		DB3AF25E1656651E00222D18 /* Template.cpp */ = {isa = PBXFileReference; fileEncoding = 4; lastKnownFileType = sourcecode.cpp.cpp; name = Template.cpp; path = src/Template.cpp; sourceTree = SOURCE_ROOT; };
		DB691151165BB6E600241B05 /* Performance_SmartVsList.cpp */ = {isa = PBXFileReference; fileEncoding = 4; lastKnownFileType = sourcecode.cpp.cpp; name = Performance_SmartVsList.cpp; path = src/Performance_SmartVsList.cpp; sourceTree = SOURCE_ROOT; };
		DB8D562A1653DBD50020D979 /* LEMON_GAME */ = {isa = PBXFileReference; explicitFileType = "compiled.mach-o.executable"; includeInIndex = 0; path = LEMON_GAME; sourceTree = BUILT_PRODUCTS_DIR; };
		DB8D56301653DBD50020D979 /* LEMON_GAME.1 */ = {isa = PBXFileReference; lastKnownFileType = text.man; path = LEMON_GAME.1; sourceTree = "<group>"; };
		DB8D56371653DC540020D979 /* Adaptor.cpp */ = {isa = PBXFileReference; fileEncoding = 4; lastKnownFileType = sourcecode.cpp.cpp; path = Adaptor.cpp; sourceTree = "<group>"; };
		DB8D56781653E4B60020D979 /* StaticGraph.cpp */ = {isa = PBXFileReference; fileEncoding = 4; lastKnownFileType = sourcecode.cpp.cpp; path = StaticGraph.cpp; sourceTree = "<group>"; };
		DB8D567A1653E4DB0020D979 /* FirstAnalysis.cpp */ = {isa = PBXFileReference; lastKnownFileType = sourcecode.cpp.cpp; path = FirstAnalysis.cpp; sourceTree = "<group>"; };
		DB8D567B1653E5160020D979 /* ChangeLGF.cpp */ = {isa = PBXFileReference; lastKnownFileType = sourcecode.cpp.cpp; path = ChangeLGF.cpp; sourceTree = "<group>"; };
		DB8D56811653E56F0020D979 /* EUREGIO_Analysis.cpp */ = {isa = PBXFileReference; lastKnownFileType = sourcecode.cpp.cpp; path = EUREGIO_Analysis.cpp; sourceTree = "<group>"; };
		DB8D56A21653EB0A0020D979 /* Heap_tester.cpp */ = {isa = PBXFileReference; lastKnownFileType = sourcecode.cpp.cpp; path = Heap_tester.cpp; sourceTree = "<group>"; };
		DB8D56A41653EB400020D979 /* ArgParser_Tester.cpp */ = {isa = PBXFileReference; lastKnownFileType = sourcecode.cpp.cpp; path = ArgParser_Tester.cpp; sourceTree = "<group>"; };
		DB8D56A51653EB700020D979 /* Planarity.cpp */ = {isa = PBXFileReference; lastKnownFileType = sourcecode.cpp.cpp; path = Planarity.cpp; sourceTree = "<group>"; };
		DB8D56A61653EB8B0020D979 /* SpeedTests.cpp */ = {isa = PBXFileReference; lastKnownFileType = sourcecode.cpp.cpp; path = SpeedTests.cpp; sourceTree = "<group>"; };
		DB8D56A71653EBA30020D979 /* integerMapOutput.cpp */ = {isa = PBXFileReference; lastKnownFileType = sourcecode.cpp.cpp; path = integerMapOutput.cpp; sourceTree = "<group>"; };
		DB8D56A81653EBB60020D979 /* DegreeMap_on_Adaptor.cpp */ = {isa = PBXFileReference; lastKnownFileType = sourcecode.cpp.cpp; path = DegreeMap_on_Adaptor.cpp; sourceTree = "<group>"; };
		DB8D56A91653EC350020D979 /* NetworkSimplex.cpp */ = {isa = PBXFileReference; lastKnownFileType = sourcecode.cpp.cpp; path = NetworkSimplex.cpp; sourceTree = "<group>"; };
		DB934FF1165CD69F00DE52DC /* graph_benchmark.cc */ = {isa = PBXFileReference; fileEncoding = 4; lastKnownFileType = sourcecode.cpp.cpp; path = graph_benchmark.cc; sourceTree = "<group>"; };
		DB93500F165D3E0C00DE52DC /* main_LP_Demo.cpp */ = {isa = PBXFileReference; lastKnownFileType = sourcecode.cpp.cpp; path = main_LP_Demo.cpp; sourceTree = "<group>"; };
		DB935010165D3E0C00DE52DC /* main_LP_Flow.cpp */ = {isa = PBXFileReference; lastKnownFileType = sourcecode.cpp.cpp; path = main_LP_Flow.cpp; sourceTree = "<group>"; };
		DB935011165D3E0C00DE52DC /* main_MIP_demo.cpp */ = {isa = PBXFileReference; lastKnownFileType = sourcecode.cpp.cpp; path = main_MIP_demo.cpp; sourceTree = "<group>"; };
		DB935012165D3E0C00DE52DC /* main_Basic.cpp */ = {isa = PBXFileReference; lastKnownFileType = sourcecode.cpp.cpp; path = main_Basic.cpp; sourceTree = "<group>"; };
		DB935014165D3E3700DE52DC /* GraphCreator_Test.cpp */ = {isa = PBXFileReference; lastKnownFileType = sourcecode.cpp.cpp; path = GraphCreator_Test.cpp; sourceTree = "<group>"; };
		DB93501B165D3EEB00DE52DC /* RangeCalculation.cpp */ = {isa = PBXFileReference; lastKnownFileType = sourcecode.cpp.cpp; path = RangeCalculation.cpp; sourceTree = "<group>"; };
		DB93501D165D3EFA00DE52DC /* Adaptor.cpp */ = {isa = PBXFileReference; lastKnownFileType = sourcecode.cpp.cpp; path = Adaptor.cpp; sourceTree = "<group>"; };
		DB93501E165D3F6100DE52DC /* NetSpx.cpp */ = {isa = PBXFileReference; lastKnownFileType = sourcecode.cpp.cpp; path = NetSpx.cpp; sourceTree = "<group>"; };
/* End PBXFileReference section */

/* Begin PBXFrameworksBuildPhase section */
		DB8D56271653DBD50020D979 /* Frameworks */ = {
			isa = PBXFrameworksBuildPhase;
			buildActionMask = 2147483647;
			files = (
			);
			runOnlyForDeploymentPostprocessing = 0;
		};
/* End PBXFrameworksBuildPhase section */

/* Begin PBXGroup section */
		DB8D561F1653DBD50020D979 = {
			isa = PBXGroup;
			children = (
				DB935013165D3E1200DE52DC /* LP */,
				DB935007165D3D8600DE52DC /* MinCostFlow */,
				DB8D56A01653EAF00020D979 /* Testing Classes */,
				DB8D562D1653DBD50020D979 /* LEMON_GAME */,
				DB8D562B1653DBD50020D979 /* Products */,
			);
			sourceTree = "<group>";
		};
		DB8D562B1653DBD50020D979 /* Products */ = {
			isa = PBXGroup;
			children = (
				DB8D562A1653DBD50020D979 /* LEMON_GAME */,
			);
			name = Products;
			sourceTree = "<group>";
		};
		DB8D562D1653DBD50020D979 /* LEMON_GAME */ = {
			isa = PBXGroup;
			children = (
				DB8D567B1653E5160020D979 /* ChangeLGF.cpp */,
				DB3AF2591656509A00222D18 /* Vererbung_SubGraph.cpp */,
				DB3AF25E1656651E00222D18 /* Template.cpp */,
				DB691151165BB6E600241B05 /* Performance_SmartVsList.cpp */,
				DB934FF1165CD69F00DE52DC /* graph_benchmark.cc */,
				DB8D56781653E4B60020D979 /* StaticGraph.cpp */,
				DB8D567A1653E4DB0020D979 /* FirstAnalysis.cpp */,
				DB8D56811653E56F0020D979 /* EUREGIO_Analysis.cpp */,
				DB8D56371653DC540020D979 /* Adaptor.cpp */,
				DB8D56301653DBD50020D979 /* LEMON_GAME.1 */,
			);
			path = LEMON_GAME;
			sourceTree = "<group>";
		};
		DB8D56A01653EAF00020D979 /* Testing Classes */ = {
			isa = PBXGroup;
			children = (
				DB8D56A21653EB0A0020D979 /* Heap_tester.cpp */,
				DB8D56A41653EB400020D979 /* ArgParser_Tester.cpp */,
				DB8D56A51653EB700020D979 /* Planarity.cpp */,
				DB8D56A61653EB8B0020D979 /* SpeedTests.cpp */,
				DB8D56A71653EBA30020D979 /* integerMapOutput.cpp */,
				DB8D56A81653EBB60020D979 /* DegreeMap_on_Adaptor.cpp */,
			);
			name = "Testing Classes";
			sourceTree = "<group>";
		};
		DB935007165D3D8600DE52DC /* MinCostFlow */ = {
			isa = PBXGroup;
			children = (
				DB93501E165D3F6100DE52DC /* NetSpx.cpp */,
				DB935014165D3E3700DE52DC /* GraphCreator_Test.cpp */,
				DB8D56A91653EC350020D979 /* NetworkSimplex.cpp */,
				DB93501B165D3EEB00DE52DC /* RangeCalculation.cpp */,
				DB93501D165D3EFA00DE52DC /* Adaptor.cpp */,
			);
			name = MinCostFlow;
			sourceTree = "<group>";
		};
		DB935013165D3E1200DE52DC /* LP */ = {
			isa = PBXGroup;
			children = (
				DB93500F165D3E0C00DE52DC /* main_LP_Demo.cpp */,
				DB935010165D3E0C00DE52DC /* main_LP_Flow.cpp */,
				DB935011165D3E0C00DE52DC /* main_MIP_demo.cpp */,
				DB935012165D3E0C00DE52DC /* main_Basic.cpp */,
			);
			name = LP;
			sourceTree = "<group>";
		};
/* End PBXGroup section */

/* Begin PBXNativeTarget section */
		DB8D56291653DBD50020D979 /* LEMON_GAME */ = {
			isa = PBXNativeTarget;
			buildConfigurationList = DB8D56341653DBD50020D979 /* Build configuration list for PBXNativeTarget "LEMON_GAME" */;
			buildPhases = (
				DB8D56261653DBD50020D979 /* Sources */,
				DB8D56271653DBD50020D979 /* Frameworks */,
				DB8D56281653DBD50020D979 /* CopyFiles */,
			);
			buildRules = (
			);
			dependencies = (
			);
			name = LEMON_GAME;
			productName = LEMON_GAME;
			productReference = DB8D562A1653DBD50020D979 /* LEMON_GAME */;
			productType = "com.apple.product-type.tool";
		};
/* End PBXNativeTarget section */

/* Begin PBXProject section */
		DB8D56211653DBD50020D979 /* Project object */ = {
			isa = PBXProject;
			attributes = {
				LastUpgradeCheck = 0450;
				ORGANIZATIONNAME = "Peter A. Kolski";
			};
			buildConfigurationList = DB8D56241653DBD50020D979 /* Build configuration list for PBXProject "LEMON_GAME" */;
			compatibilityVersion = "Xcode 3.2";
			developmentRegion = English;
			hasScannedForEncodings = 0;
			knownRegions = (
				en,
			);
			mainGroup = DB8D561F1653DBD50020D979;
			productRefGroup = DB8D562B1653DBD50020D979 /* Products */;
			projectDirPath = "";
			projectRoot = "";
			targets = (
				DB8D56291653DBD50020D979 /* LEMON_GAME */,
			);
		};
/* End PBXProject section */

/* Begin PBXSourcesBuildPhase section */
		DB8D56261653DBD50020D979 /* Sources */ = {
			isa = PBXSourcesBuildPhase;
			buildActionMask = 2147483647;
			files = (
				DB934FF5165D194100DE52DC /* Performance_SmartVsList.cpp in Sources */,
			);
			runOnlyForDeploymentPostprocessing = 0;
		};
/* End PBXSourcesBuildPhase section */

/* Begin XCBuildConfiguration section */
		DB8D56321653DBD50020D979 /* Debug */ = {
			isa = XCBuildConfiguration;
			buildSettings = {
				ALWAYS_SEARCH_USER_PATHS = NO;
				ARCHS = "$(NATIVE_ARCH_ACTUAL)";
				CLANG_CXX_LANGUAGE_STANDARD = "compiler-default";
				CLANG_CXX_LIBRARY = "libstdc++";
				CLANG_ENABLE_OBJC_ARC = YES;
				CLANG_WARN_EMPTY_BODY = YES;
				CLANG_WARN__DUPLICATE_METHOD_MATCH = YES;
				COPY_PHASE_STRIP = NO;
				GCC_C_LANGUAGE_STANDARD = gnu99;
				GCC_DYNAMIC_NO_PIC = NO;
				GCC_ENABLE_OBJC_EXCEPTIONS = YES;
				GCC_OPTIMIZATION_LEVEL = 0;
				GCC_PREPROCESSOR_DEFINITIONS = (
					"DEBUG=1",
					"$(inherited)",
				);
				GCC_SYMBOLS_PRIVATE_EXTERN = NO;
				GCC_WARN_64_TO_32_BIT_CONVERSION = YES;
				GCC_WARN_ABOUT_RETURN_TYPE = YES;
				GCC_WARN_UNINITIALIZED_AUTOS = YES;
				GCC_WARN_UNUSED_VARIABLE = YES;
				HEADER_SEARCH_PATHS = /Users/sonneundasche/Development/Library/include/;
				LIBRARY_SEARCH_PATHS = /Users/sonneundasche/Development/Library/lib/;
				MACOSX_DEPLOYMENT_TARGET = 10.7;
				ONLY_ACTIVE_ARCH = YES;
				OTHER_LDFLAGS = "-lemon";
				SDKROOT = "";
			};
			name = Debug;
		};
		DB8D56331653DBD50020D979 /* Release */ = {
			isa = XCBuildConfiguration;
			buildSettings = {
				ALWAYS_SEARCH_USER_PATHS = NO;
				ARCHS = "$(NATIVE_ARCH_ACTUAL)";
				CLANG_CXX_LANGUAGE_STANDARD = "compiler-default";
				CLANG_CXX_LIBRARY = "libstdc++";
				CLANG_ENABLE_OBJC_ARC = YES;
				CLANG_WARN_EMPTY_BODY = YES;
				CLANG_WARN__DUPLICATE_METHOD_MATCH = YES;
				COPY_PHASE_STRIP = YES;
				DEBUG_INFORMATION_FORMAT = "dwarf-with-dsym";
				GCC_C_LANGUAGE_STANDARD = gnu99;
				GCC_ENABLE_OBJC_EXCEPTIONS = YES;
				GCC_WARN_64_TO_32_BIT_CONVERSION = YES;
				GCC_WARN_ABOUT_RETURN_TYPE = YES;
				GCC_WARN_UNINITIALIZED_AUTOS = YES;
				GCC_WARN_UNUSED_VARIABLE = YES;
				HEADER_SEARCH_PATHS = /Users/sonneundasche/Development/Library/include/;
				LIBRARY_SEARCH_PATHS = /Users/sonneundasche/Development/Library/lib/;
				MACOSX_DEPLOYMENT_TARGET = 10.7;
				OTHER_LDFLAGS = "-lemon";
				SDKROOT = "";
			};
			name = Release;
		};
		DB8D56351653DBD50020D979 /* Debug */ = {
			isa = XCBuildConfiguration;
			buildSettings = {
				PRODUCT_NAME = "$(TARGET_NAME)";
			};
			name = Debug;
		};
		DB8D56361653DBD50020D979 /* Release */ = {
			isa = XCBuildConfiguration;
			buildSettings = {
				PRODUCT_NAME = "$(TARGET_NAME)";
			};
			name = Release;
		};
/* End XCBuildConfiguration section */

/* Begin XCConfigurationList section */
		DB8D56241653DBD50020D979 /* Build configuration list for PBXProject "LEMON_GAME" */ = {
			isa = XCConfigurationList;
			buildConfigurations = (
				DB8D56321653DBD50020D979 /* Debug */,
				DB8D56331653DBD50020D979 /* Release */,
			);
			defaultConfigurationIsVisible = 0;
			defaultConfigurationName = Release;
		};
		DB8D56341653DBD50020D979 /* Build configuration list for PBXNativeTarget "LEMON_GAME" */ = {
			isa = XCConfigurationList;
			buildConfigurations = (
				DB8D56351653DBD50020D979 /* Debug */,
				DB8D56361653DBD50020D979 /* Release */,
			);
			defaultConfigurationIsVisible = 0;
			defaultConfigurationName = Release;
		};
/* End XCConfigurationList section */
	};
	rootObject = DB8D56211653DBD50020D979 /* Project object */;
}
